
Microsoft Visual Studio Solution File, Format Version 12.00
# Visual Studio Version 16
VisualStudioVersion = 16.0.31424.327
MinimumVisualStudioVersion = 10.0.40219.1
Project("{FAE04EC0-301F-11D3-BF4B-00C04F79EFBC}") = "DoAn20880230", "AVLTree\DoAn20880230.csproj", "{E39C928F-2B14-4062-AE07-418B877804E9}"
EndProject
Global
	GlobalSection(SolutionConfigurationPlatforms) = preSolution
		Debug|Any CPU = Debug|Any CPU
		Release|Any CPU = Release|Any CPU
	EndGlobalSection
	GlobalSection(ProjectConfigurationPlatforms) = postSolution
		{E39C928F-2B14-4062-AE07-418B877804E9}.Debug|Any CPU.ActiveCfg = Debug|Any CPU
		{E39C928F-2B14-4062-AE07-418B877804E9}.Debug|Any CPU.Build.0 = Debug|Any CPU
		{E39C928F-2B14-4062-AE07-418B877804E9}.Release|Any CPU.ActiveCfg = Release|Any CPU
		{E39C928F-2B14-4062-AE07-418B877804E9}.Release|Any CPU.Build.0 = Release|Any CPU
	EndGlobalSection
	GlobalSection(SolutionProperties) = preSolution
		HideSolutionNode = FALSE
	EndGlobalSection
	GlobalSection(ExtensibilityGlobals) = postSolution
		SolutionGuid = {4C8136FA-35A0-4D8E-862E-58EBBB78AC7B}
	EndGlobalSection
EndGlobal
